// !$*UTF8*$!
{
	archiveVersion = 1;
	classes = {
	};
	objectVersion = 46;
	objects = {

/* Begin PBXBuildFile section */
		1412770B1CFD6FDF0037BD86 /* main.m in Sources */ = {isa = PBXBuildFile; fileRef = 1412770A1CFD6FDF0037BD86 /* main.m */; };
		1412770E1CFD6FDF0037BD86 /* AppDelegate.m in Sources */ = {isa = PBXBuildFile; fileRef = 1412770D1CFD6FDF0037BD86 /* AppDelegate.m */; };
		141277111CFD6FDF0037BD86 /* ViewController.m in Sources */ = {isa = PBXBuildFile; fileRef = 141277101CFD6FDF0037BD86 /* ViewController.m */; };
		141277141CFD6FDF0037BD86 /* Main.storyboard in Resources */ = {isa = PBXBuildFile; fileRef = 141277121CFD6FDF0037BD86 /* Main.storyboard */; };
		141277161CFD6FDF0037BD86 /* Assets.xcassets in Resources */ = {isa = PBXBuildFile; fileRef = 141277151CFD6FDF0037BD86 /* Assets.xcassets */; };
		141277191CFD6FDF0037BD86 /* LaunchScreen.storyboard in Resources */ = {isa = PBXBuildFile; fileRef = 141277171CFD6FDF0037BD86 /* LaunchScreen.storyboard */; };
		141277241CFD6FDF0037BD86 /* MooTests.m in Sources */ = {isa = PBXBuildFile; fileRef = 141277231CFD6FDF0037BD86 /* MooTests.m */; };
		1412772F1CFD6FDF0037BD86 /* MooUITests.m in Sources */ = {isa = PBXBuildFile; fileRef = 1412772E1CFD6FDF0037BD86 /* MooUITests.m */; };
		14C96B3D1D0D357100E16CC3 /* MooCommon.m in Sources */ = {isa = PBXBuildFile; fileRef = 14C96B381D0D357100E16CC3 /* MooCommon.m */; };
		14C96B3E1D0D357100E16CC3 /* MooModel.m in Sources */ = {isa = PBXBuildFile; fileRef = 14C96B3A1D0D357100E16CC3 /* MooModel.m */; };
		14C96B3F1D0D357100E16CC3 /* MooWeb.m in Sources */ = {isa = PBXBuildFile; fileRef = 14C96B3C1D0D357100E16CC3 /* MooWeb.m */; };
/* End PBXBuildFile section */

/* Begin PBXContainerItemProxy section */
		141277201CFD6FDF0037BD86 /* PBXContainerItemProxy */ = {
			isa = PBXContainerItemProxy;
			containerPortal = 141276FE1CFD6FDF0037BD86 /* Project object */;
			proxyType = 1;
			remoteGlobalIDString = 141277051CFD6FDF0037BD86;
			remoteInfo = Moo;
		};
		1412772B1CFD6FDF0037BD86 /* PBXContainerItemProxy */ = {
			isa = PBXContainerItemProxy;
			containerPortal = 141276FE1CFD6FDF0037BD86 /* Project object */;
			proxyType = 1;
			remoteGlobalIDString = 141277051CFD6FDF0037BD86;
			remoteInfo = Moo;
		};
/* End PBXContainerItemProxy section */

/* Begin PBXFileReference section */
		141277061CFD6FDF0037BD86 /* Moo.app */ = {isa = PBXFileReference; explicitFileType = wrapper.application; includeInIndex = 0; path = Moo.app; sourceTree = BUILT_PRODUCTS_DIR; };
		1412770A1CFD6FDF0037BD86 /* main.m */ = {isa = PBXFileReference; lastKnownFileType = sourcecode.c.objc; path = main.m; sourceTree = "<group>"; };
		1412770C1CFD6FDF0037BD86 /* AppDelegate.h */ = {isa = PBXFileReference; lastKnownFileType = sourcecode.c.h; path = AppDelegate.h; sourceTree = "<group>"; };
		1412770D1CFD6FDF0037BD86 /* AppDelegate.m */ = {isa = PBXFileReference; lastKnownFileType = sourcecode.c.objc; path = AppDelegate.m; sourceTree = "<group>"; };
		1412770F1CFD6FDF0037BD86 /* ViewController.h */ = {isa = PBXFileReference; lastKnownFileType = sourcecode.c.h; path = ViewController.h; sourceTree = "<group>"; };
		141277101CFD6FDF0037BD86 /* ViewController.m */ = {isa = PBXFileReference; lastKnownFileType = sourcecode.c.objc; path = ViewController.m; sourceTree = "<group>"; };
		141277131CFD6FDF0037BD86 /* Base */ = {isa = PBXFileReference; lastKnownFileType = file.storyboard; name = Base; path = Base.lproj/Main.storyboard; sourceTree = "<group>"; };
		141277151CFD6FDF0037BD86 /* Assets.xcassets */ = {isa = PBXFileReference; lastKnownFileType = folder.assetcatalog; path = Assets.xcassets; sourceTree = "<group>"; };
		141277181CFD6FDF0037BD86 /* Base */ = {isa = PBXFileReference; lastKnownFileType = file.storyboard; name = Base; path = Base.lproj/LaunchScreen.storyboard; sourceTree = "<group>"; };
		1412771A1CFD6FDF0037BD86 /* Info.plist */ = {isa = PBXFileReference; lastKnownFileType = text.plist.xml; path = Info.plist; sourceTree = "<group>"; };
		1412771F1CFD6FDF0037BD86 /* MooTests.xctest */ = {isa = PBXFileReference; explicitFileType = wrapper.cfbundle; includeInIndex = 0; path = MooTests.xctest; sourceTree = BUILT_PRODUCTS_DIR; };
		141277231CFD6FDF0037BD86 /* MooTests.m */ = {isa = PBXFileReference; lastKnownFileType = sourcecode.c.objc; path = MooTests.m; sourceTree = "<group>"; };
		141277251CFD6FDF0037BD86 /* Info.plist */ = {isa = PBXFileReference; lastKnownFileType = text.plist.xml; path = Info.plist; sourceTree = "<group>"; };
		1412772A1CFD6FDF0037BD86 /* MooUITests.xctest */ = {isa = PBXFileReference; explicitFileType = wrapper.cfbundle; includeInIndex = 0; path = MooUITests.xctest; sourceTree = BUILT_PRODUCTS_DIR; };
		1412772E1CFD6FDF0037BD86 /* MooUITests.m */ = {isa = PBXFileReference; lastKnownFileType = sourcecode.c.objc; path = MooUITests.m; sourceTree = "<group>"; };
		141277301CFD6FDF0037BD86 /* Info.plist */ = {isa = PBXFileReference; lastKnownFileType = text.plist.xml; path = Info.plist; sourceTree = "<group>"; };
		14C96B371D0D357100E16CC3 /* MooCommon.h */ = {isa = PBXFileReference; fileEncoding = 4; lastKnownFileType = sourcecode.c.h; path = MooCommon.h; sourceTree = "<group>"; };
		14C96B381D0D357100E16CC3 /* MooCommon.m */ = {isa = PBXFileReference; fileEncoding = 4; lastKnownFileType = sourcecode.c.objc; path = MooCommon.m; sourceTree = "<group>"; };
		14C96B391D0D357100E16CC3 /* MooModel.h */ = {isa = PBXFileReference; fileEncoding = 4; lastKnownFileType = sourcecode.c.h; path = MooModel.h; sourceTree = "<group>"; };
		14C96B3A1D0D357100E16CC3 /* MooModel.m */ = {isa = PBXFileReference; fileEncoding = 4; lastKnownFileType = sourcecode.c.objc; path = MooModel.m; sourceTree = "<group>"; };
		14C96B3B1D0D357100E16CC3 /* MooWeb.h */ = {isa = PBXFileReference; fileEncoding = 4; lastKnownFileType = sourcecode.c.h; path = MooWeb.h; sourceTree = "<group>"; };
		14C96B3C1D0D357100E16CC3 /* MooWeb.m */ = {isa = PBXFileReference; fileEncoding = 4; lastKnownFileType = sourcecode.c.objc; path = MooWeb.m; sourceTree = "<group>"; };
/* End PBXFileReference section */

/* Begin PBXFrameworksBuildPhase section */
		141277031CFD6FDF0037BD86 /* Frameworks */ = {
			isa = PBXFrameworksBuildPhase;
			buildActionMask = 2147483647;
			files = (
			);
			runOnlyForDeploymentPostprocessing = 0;
		};
		1412771C1CFD6FDF0037BD86 /* Frameworks */ = {
			isa = PBXFrameworksBuildPhase;
			buildActionMask = 2147483647;
			files = (
			);
			runOnlyForDeploymentPostprocessing = 0;
		};
		141277271CFD6FDF0037BD86 /* Frameworks */ = {
			isa = PBXFrameworksBuildPhase;
			buildActionMask = 2147483647;
			files = (
			);
			runOnlyForDeploymentPostprocessing = 0;
		};
/* End PBXFrameworksBuildPhase section */

/* Begin PBXGroup section */
		141276FD1CFD6FDF0037BD86 = {
			isa = PBXGroup;
			children = (
				141277081CFD6FDF0037BD86 /* Moo */,
				141277221CFD6FDF0037BD86 /* MooTests */,
				1412772D1CFD6FDF0037BD86 /* MooUITests */,
				141277071CFD6FDF0037BD86 /* Products */,
			);
			sourceTree = "<group>";
		};
		141277071CFD6FDF0037BD86 /* Products */ = {
			isa = PBXGroup;
			children = (
				141277061CFD6FDF0037BD86 /* Moo.app */,
				1412771F1CFD6FDF0037BD86 /* MooTests.xctest */,
				1412772A1CFD6FDF0037BD86 /* MooUITests.xctest */,
			);
			name = Products;
			sourceTree = "<group>";
		};
		141277081CFD6FDF0037BD86 /* Moo */ = {
			isa = PBXGroup;
			children = (
				14C96B361D0D355700E16CC3 /* Library */,
				1412770C1CFD6FDF0037BD86 /* AppDelegate.h */,
				1412770D1CFD6FDF0037BD86 /* AppDelegate.m */,
				1412770F1CFD6FDF0037BD86 /* ViewController.h */,
				141277101CFD6FDF0037BD86 /* ViewController.m */,
				141277121CFD6FDF0037BD86 /* Main.storyboard */,
				141277151CFD6FDF0037BD86 /* Assets.xcassets */,
				141277171CFD6FDF0037BD86 /* LaunchScreen.storyboard */,
				1412771A1CFD6FDF0037BD86 /* Info.plist */,
				141277091CFD6FDF0037BD86 /* Supporting Files */,
			);
			path = Moo;
			sourceTree = "<group>";
		};
		141277091CFD6FDF0037BD86 /* Supporting Files */ = {
			isa = PBXGroup;
			children = (
				1412770A1CFD6FDF0037BD86 /* main.m */,
			);
			name = "Supporting Files";
			sourceTree = "<group>";
		};
		141277221CFD6FDF0037BD86 /* MooTests */ = {
			isa = PBXGroup;
			children = (
				141277231CFD6FDF0037BD86 /* MooTests.m */,
				141277251CFD6FDF0037BD86 /* Info.plist */,
			);
			path = MooTests;
			sourceTree = "<group>";
		};
		1412772D1CFD6FDF0037BD86 /* MooUITests */ = {
			isa = PBXGroup;
			children = (
				1412772E1CFD6FDF0037BD86 /* MooUITests.m */,
				141277301CFD6FDF0037BD86 /* Info.plist */,
			);
			path = MooUITests;
			sourceTree = "<group>";
		};
		14C96B361D0D355700E16CC3 /* Library */ = {
			isa = PBXGroup;
			children = (
				14C96B371D0D357100E16CC3 /* MooCommon.h */,
				14C96B381D0D357100E16CC3 /* MooCommon.m */,
				14C96B391D0D357100E16CC3 /* MooModel.h */,
				14C96B3A1D0D357100E16CC3 /* MooModel.m */,
				14C96B3B1D0D357100E16CC3 /* MooWeb.h */,
				14C96B3C1D0D357100E16CC3 /* MooWeb.m */,
			);
			name = Library;
			sourceTree = "<group>";
		};
/* End PBXGroup section */

/* Begin PBXNativeTarget section */
		141277051CFD6FDF0037BD86 /* Moo */ = {
			isa = PBXNativeTarget;
			buildConfigurationList = 141277331CFD6FDF0037BD86 /* Build configuration list for PBXNativeTarget "Moo" */;
			buildPhases = (
				141277021CFD6FDF0037BD86 /* Sources */,
				141277031CFD6FDF0037BD86 /* Frameworks */,
				141277041CFD6FDF0037BD86 /* Resources */,
			);
			buildRules = (
			);
			dependencies = (
			);
			name = Moo;
			productName = Moo;
			productReference = 141277061CFD6FDF0037BD86 /* Moo.app */;
			productType = "com.apple.product-type.application";
		};
		1412771E1CFD6FDF0037BD86 /* MooTests */ = {
			isa = PBXNativeTarget;
			buildConfigurationList = 141277361CFD6FDF0037BD86 /* Build configuration list for PBXNativeTarget "MooTests" */;
			buildPhases = (
				1412771B1CFD6FDF0037BD86 /* Sources */,
				1412771C1CFD6FDF0037BD86 /* Frameworks */,
				1412771D1CFD6FDF0037BD86 /* Resources */,
			);
			buildRules = (
			);
			dependencies = (
				141277211CFD6FDF0037BD86 /* PBXTargetDependency */,
			);
			name = MooTests;
			productName = MooTests;
			productReference = 1412771F1CFD6FDF0037BD86 /* MooTests.xctest */;
			productType = "com.apple.product-type.bundle.unit-test";
		};
		141277291CFD6FDF0037BD86 /* MooUITests */ = {
			isa = PBXNativeTarget;
			buildConfigurationList = 141277391CFD6FDF0037BD86 /* Build configuration list for PBXNativeTarget "MooUITests" */;
			buildPhases = (
				141277261CFD6FDF0037BD86 /* Sources */,
				141277271CFD6FDF0037BD86 /* Frameworks */,
				141277281CFD6FDF0037BD86 /* Resources */,
			);
			buildRules = (
			);
			dependencies = (
				1412772C1CFD6FDF0037BD86 /* PBXTargetDependency */,
			);
			name = MooUITests;
			productName = MooUITests;
			productReference = 1412772A1CFD6FDF0037BD86 /* MooUITests.xctest */;
			productType = "com.apple.product-type.bundle.ui-testing";
		};
/* End PBXNativeTarget section */

/* Begin PBXProject section */
		141276FE1CFD6FDF0037BD86 /* Project object */ = {
			isa = PBXProject;
			attributes = {
				LastUpgradeCheck = 0730;
				ORGANIZATIONNAME = Jakit;
				TargetAttributes = {
					141277051CFD6FDF0037BD86 = {
						CreatedOnToolsVersion = 7.3;
						DevelopmentTeam = 2XHL7D4F7B;
					};
					1412771E1CFD6FDF0037BD86 = {
						CreatedOnToolsVersion = 7.3;
						DevelopmentTeam = 2XHL7D4F7B;
						TestTargetID = 141277051CFD6FDF0037BD86;
					};
					141277291CFD6FDF0037BD86 = {
						CreatedOnToolsVersion = 7.3;
						DevelopmentTeam = 2XHL7D4F7B;
						TestTargetID = 141277051CFD6FDF0037BD86;
					};
				};
			};
			buildConfigurationList = 141277011CFD6FDF0037BD86 /* Build configuration list for PBXProject "Moo" */;
			compatibilityVersion = "Xcode 3.2";
			developmentRegion = English;
			hasScannedForEncodings = 0;
			knownRegions = (
				en,
				Base,
			);
			mainGroup = 141276FD1CFD6FDF0037BD86;
			productRefGroup = 141277071CFD6FDF0037BD86 /* Products */;
			projectDirPath = "";
			projectRoot = "";
			targets = (
				141277051CFD6FDF0037BD86 /* Moo */,
				1412771E1CFD6FDF0037BD86 /* MooTests */,
				141277291CFD6FDF0037BD86 /* MooUITests */,
			);
		};
/* End PBXProject section */

/* Begin PBXResourcesBuildPhase section */
		141277041CFD6FDF0037BD86 /* Resources */ = {
			isa = PBXResourcesBuildPhase;
			buildActionMask = 2147483647;
			files = (
				141277191CFD6FDF0037BD86 /* LaunchScreen.storyboard in Resources */,
				141277161CFD6FDF0037BD86 /* Assets.xcassets in Resources */,
				141277141CFD6FDF0037BD86 /* Main.storyboard in Resources */,
			);
			runOnlyForDeploymentPostprocessing = 0;
		};
		1412771D1CFD6FDF0037BD86 /* Resources */ = {
			isa = PBXResourcesBuildPhase;
			buildActionMask = 2147483647;
			files = (
			);
			runOnlyForDeploymentPostprocessing = 0;
		};
		141277281CFD6FDF0037BD86 /* Resources */ = {
			isa = PBXResourcesBuildPhase;
			buildActionMask = 2147483647;
			files = (
			);
			runOnlyForDeploymentPostprocessing = 0;
		};
/* End PBXResourcesBuildPhase section */

/* Begin PBXSourcesBuildPhase section */
		141277021CFD6FDF0037BD86 /* Sources */ = {
			isa = PBXSourcesBuildPhase;
			buildActionMask = 2147483647;
			files = (
				14C96B3E1D0D357100E16CC3 /* MooModel.m in Sources */,
				141277111CFD6FDF0037BD86 /* ViewController.m in Sources */,
				14C96B3F1D0D357100E16CC3 /* MooWeb.m in Sources */,
				1412770E1CFD6FDF0037BD86 /* AppDelegate.m in Sources */,
				14C96B3D1D0D357100E16CC3 /* MooCommon.m in Sources */,
				1412770B1CFD6FDF0037BD86 /* main.m in Sources */,
			);
			runOnlyForDeploymentPostprocessing = 0;
		};
		1412771B1CFD6FDF0037BD86 /* Sources */ = {
			isa = PBXSourcesBuildPhase;
			buildActionMask = 2147483647;
			files = (
				141277241CFD6FDF0037BD86 /* MooTests.m in Sources */,
			);
			runOnlyForDeploymentPostprocessing = 0;
		};
		141277261CFD6FDF0037BD86 /* Sources */ = {
			isa = PBXSourcesBuildPhase;
			buildActionMask = 2147483647;
			files = (
				1412772F1CFD6FDF0037BD86 /* MooUITests.m in Sources */,
			);
			runOnlyForDeploymentPostprocessing = 0;
		};
/* End PBXSourcesBuildPhase section */

/* Begin PBXTargetDependency section */
		141277211CFD6FDF0037BD86 /* PBXTargetDependency */ = {
			isa = PBXTargetDependency;
			target = 141277051CFD6FDF0037BD86 /* Moo */;
			targetProxy = 141277201CFD6FDF0037BD86 /* PBXContainerItemProxy */;
		};
		1412772C1CFD6FDF0037BD86 /* PBXTargetDependency */ = {
			isa = PBXTargetDependency;
			target = 141277051CFD6FDF0037BD86 /* Moo */;
			targetProxy = 1412772B1CFD6FDF0037BD86 /* PBXContainerItemProxy */;
		};
/* End PBXTargetDependency section */

/* Begin PBXVariantGroup section */
		141277121CFD6FDF0037BD86 /* Main.storyboard */ = {
			isa = PBXVariantGroup;
			children = (
				141277131CFD6FDF0037BD86 /* Base */,
			);
			name = Main.storyboard;
			sourceTree = "<group>";
		};
		141277171CFD6FDF0037BD86 /* LaunchScreen.storyboard */ = {
			isa = PBXVariantGroup;
			children = (
				141277181CFD6FDF0037BD86 /* Base */,
			);
			name = LaunchScreen.storyboard;
			sourceTree = "<group>";
		};
/* End PBXVariantGroup section */

/* Begin XCBuildConfiguration section */
		141277311CFD6FDF0037BD86 /* Debug */ = {
			isa = XCBuildConfiguration;
			buildSettings = {
				ALWAYS_SEARCH_USER_PATHS = NO;
				CLANG_ANALYZER_NONNULL = YES;
				CLANG_CXX_LANGUAGE_STANDARD = "gnu++0x";
				CLANG_CXX_LIBRARY = "libc++";
				CLANG_ENABLE_MODULES = YES;
				CLANG_ENABLE_OBJC_ARC = YES;
				CLANG_WARN_BOOL_CONVERSION = YES;
				CLANG_WARN_CONSTANT_CONVERSION = YES;
				CLANG_WARN_DIRECT_OBJC_ISA_USAGE = YES_ERROR;
				CLANG_WARN_EMPTY_BODY = YES;
				CLANG_WARN_ENUM_CONVERSION = YES;
				CLANG_WARN_INT_CONVERSION = YES;
				CLANG_WARN_OBJC_ROOT_CLASS = YES_ERROR;
				CLANG_WARN_UNREACHABLE_CODE = YES;
				CLANG_WARN__DUPLICATE_METHOD_MATCH = YES;
				"CODE_SIGN_IDENTITY[sdk=iphoneos*]" = "iPhone Developer";
				COPY_PHASE_STRIP = NO;
				DEBUG_INFORMATION_FORMAT = dwarf;
				ENABLE_STRICT_OBJC_MSGSEND = YES;
				ENABLE_TESTABILITY = YES;
				GCC_C_LANGUAGE_STANDARD = gnu99;
				GCC_DYNAMIC_NO_PIC = NO;
				GCC_NO_COMMON_BLOCKS = YES;
				GCC_OPTIMIZATION_LEVEL = 0;
				GCC_PREPROCESSOR_DEFINITIONS = (
					"DEBUG=1",
					"$(inherited)",
				);
				GCC_WARN_64_TO_32_BIT_CONVERSION = YES;
				GCC_WARN_ABOUT_RETURN_TYPE = YES_ERROR;
				GCC_WARN_UNDECLARED_SELECTOR = YES;
				GCC_WARN_UNINITIALIZED_AUTOS = YES_AGGRESSIVE;
				GCC_WARN_UNUSED_FUNCTION = YES;
				GCC_WARN_UNUSED_VARIABLE = YES;
				IPHONEOS_DEPLOYMENT_TARGET = 9.3;
				MTL_ENABLE_DEBUG_INFO = YES;
				ONLY_ACTIVE_ARCH = YES;
				SDKROOT = iphoneos;
				TARGETED_DEVICE_FAMILY = "1,2";
			};
			name = Debug;
		};
		141277321CFD6FDF0037BD86 /* Release */ = {
			isa = XCBuildConfiguration;
			buildSettings = {
				ALWAYS_SEARCH_USER_PATHS = NO;
				CLANG_ANALYZER_NONNULL = YES;
				CLANG_CXX_LANGUAGE_STANDARD = "gnu++0x";
				CLANG_CXX_LIBRARY = "libc++";
				CLANG_ENABLE_MODULES = YES;
				CLANG_ENABLE_OBJC_ARC = YES;
				CLANG_WARN_BOOL_CONVERSION = YES;
				CLANG_WARN_CONSTANT_CONVERSION = YES;
				CLANG_WARN_DIRECT_OBJC_ISA_USAGE = YES_ERROR;
				CLANG_WARN_EMPTY_BODY = YES;
				CLANG_WARN_ENUM_CONVERSION = YES;
				CLANG_WARN_INT_CONVERSION = YES;
				CLANG_WARN_OBJC_ROOT_CLASS = YES_ERROR;
				CLANG_WARN_UNREACHABLE_CODE = YES;
				CLANG_WARN__DUPLICATE_METHOD_MATCH = YES;
				"CODE_SIGN_IDENTITY[sdk=iphoneos*]" = "iPhone Developer";
				COPY_PHASE_STRIP = NO;
				DEBUG_INFORMATION_FORMAT = "dwarf-with-dsym";
				ENABLE_NS_ASSERTIONS = NO;
				ENABLE_STRICT_OBJC_MSGSEND = YES;
				GCC_C_LANGUAGE_STANDARD = gnu99;
				GCC_NO_COMMON_BLOCKS = YES;
				GCC_WARN_64_TO_32_BIT_CONVERSION = YES;
				GCC_WARN_ABOUT_RETURN_TYPE = YES_ERROR;
				GCC_WARN_UNDECLARED_SELECTOR = YES;
				GCC_WARN_UNINITIALIZED_AUTOS = YES_AGGRESSIVE;
				GCC_WARN_UNUSED_FUNCTION = YES;
				GCC_WARN_UNUSED_VARIABLE = YES;
				IPHONEOS_DEPLOYMENT_TARGET = 9.3;
				MTL_ENABLE_DEBUG_INFO = NO;
				SDKROOT = iphoneos;
				TARGETED_DEVICE_FAMILY = "1,2";
				VALIDATE_PRODUCT = YES;
			};
			name = Release;
		};
		141277341CFD6FDF0037BD86 /* Debug */ = {
			isa = XCBuildConfiguration;
			buildSettings = {
				ASSETCATALOG_COMPILER_APPICON_NAME = AppIcon;
				INFOPLIST_FILE = Moo/Info.plist;
				LD_RUNPATH_SEARCH_PATHS = "$(inherited) @executable_path/Frameworks";
				PRODUCT_BUNDLE_IDENTIFIER = Miracle.Moo;
				PRODUCT_NAME = "$(TARGET_NAME)";
			};
			name = Debug;
		};
		141277351CFD6FDF0037BD86 /* Release */ = {
			isa = XCBuildConfiguration;
			buildSettings = {
				ASSETCATALOG_COMPILER_APPICON_NAME = AppIcon;
				INFOPLIST_FILE = Moo/Info.plist;
				LD_RUNPATH_SEARCH_PATHS = "$(inherited) @executable_path/Frameworks";
				PRODUCT_BUNDLE_IDENTIFIER = Miracle.Moo;
				PRODUCT_NAME = "$(TARGET_NAME)";
			};
			name = Release;
		};
		141277371CFD6FDF0037BD86 /* Debug */ = {
			isa = XCBuildConfiguration;
			buildSettings = {
				BUNDLE_LOADER = "$(TEST_HOST)";
				INFOPLIST_FILE = MooTests/Info.plist;
				LD_RUNPATH_SEARCH_PATHS = "$(inherited) @executable_path/Frameworks @loader_path/Frameworks";
				PRODUCT_BUNDLE_IDENTIFIER = Miracle.MooTests;
				PRODUCT_NAME = "$(TARGET_NAME)";
				TEST_HOST = "$(BUILT_PRODUCTS_DIR)/Moo.app/Moo";
			};
			name = Debug;
		};
		141277381CFD6FDF0037BD86 /* Release */ = {
			isa = XCBuildConfiguration;
			buildSettings = {
				BUNDLE_LOADER = "$(TEST_HOST)";
				INFOPLIST_FILE = MooTests/Info.plist;
				LD_RUNPATH_SEARCH_PATHS = "$(inherited) @executable_path/Frameworks @loader_path/Frameworks";
				PRODUCT_BUNDLE_IDENTIFIER = Miracle.MooTests;
				PRODUCT_NAME = "$(TARGET_NAME)";
				TEST_HOST = "$(BUILT_PRODUCTS_DIR)/Moo.app/Moo";
			};
			name = Release;
		};
		1412773A1CFD6FDF0037BD86 /* Debug */ = {
			isa = XCBuildConfiguration;
			buildSettings = {
				INFOPLIST_FILE = MooUITests/Info.plist;
				LD_RUNPATH_SEARCH_PATHS = "$(inherited) @executable_path/Frameworks @loader_path/Frameworks";
				PRODUCT_BUNDLE_IDENTIFIER = Miracle.MooUITests;
				PRODUCT_NAME = "$(TARGET_NAME)";
				TEST_TARGET_NAME = Moo;
			};
			name = Debug;
		};
		1412773B1CFD6FDF0037BD86 /* Release */ = {
			isa = XCBuildConfiguration;
			buildSettings = {
				INFOPLIST_FILE = MooUITests/Info.plist;
				LD_RUNPATH_SEARCH_PATHS = "$(inherited) @executable_path/Frameworks @loader_path/Frameworks";
				PRODUCT_BUNDLE_IDENTIFIER = Miracle.MooUITests;
				PRODUCT_NAME = "$(TARGET_NAME)";
				TEST_TARGET_NAME = Moo;
			};
			name = Release;
		};
/* End XCBuildConfiguration section */

/* Begin XCConfigurationList section */
		141277011CFD6FDF0037BD86 /* Build configuration list for PBXProject "Moo" */ = {
			isa = XCConfigurationList;
			buildConfigurations = (
				141277311CFD6FDF0037BD86 /* Debug */,
				141277321CFD6FDF0037BD86 /* Release */,
			);
			defaultConfigurationIsVisible = 0;
			defaultConfigurationName = Release;
		};
		141277331CFD6FDF0037BD86 /* Build configuration list for PBXNativeTarget "Moo" */ = {
			isa = XCConfigurationList;
			buildConfigurations = (
				141277341CFD6FDF0037BD86 /* Debug */,
				141277351CFD6FDF0037BD86 /* Release */,
			);
			defaultConfigurationIsVisible = 0;
			defaultConfigurationName = Release;
		};
		141277361CFD6FDF0037BD86 /* Build configuration list for PBXNativeTarget "MooTests" */ = {
			isa = XCConfigurationList;
			buildConfigurations = (
				141277371CFD6FDF0037BD86 /* Debug */,
				141277381CFD6FDF0037BD86 /* Release */,
			);
			defaultConfigurationIsVisible = 0;
			defaultConfigurationName = Release;
		};
		141277391CFD6FDF0037BD86 /* Build configuration list for PBXNativeTarget "MooUITests" */ = {
			isa = XCConfigurationList;
			buildConfigurations = (
				1412773A1CFD6FDF0037BD86 /* Debug */,
				1412773B1CFD6FDF0037BD86 /* Release */,
			);
			defaultConfigurationIsVisible = 0;
			defaultConfigurationName = Release;
		};
/* End XCConfigurationList section */
	};
	rootObject = 141276FE1CFD6FDF0037BD86 /* Project object */;
}
